{
  "nodes": {
    "bend": {
      "locked": {
        "lastModified": 1778912746,
        "narHash": "sha256-hITGk9iEkMw4dDMEooTICCgHiZC1riLGtrGK2r/duzE=",
        "owner": "denful",
        "repo": "bend",
        "rev": "af1b3f16594d89b797615483dccc5f98605e2d12",
        "type": "github"
      },
      "original": {
        "owner": "denful",
        "repo": "bend",
        "type": "github"
      }
    },
    "ned": {
      "locked": {
        "lastModified": 1778904359,
        "narHash": "sha256-4N654WkqPMhOkL64Z6MtnzvdWntiC+7WJ4SsiXV3vDg=",
        "owner": "denful",
        "repo": "ned",
        "rev": "ccbe59153a0d30df2a39c92884a3ab6aa1ebafc2",
        "type": "github"
      },
      "original": {
        "owner": "denful",
        "repo": "ned",
        "type": "github"
      }
    },
    "nix-effects": {
      "flake": false,
      "locked": {
        "lastModified": 1778686186,
        "narHash": "sha256-oxjrcHFSV2+Rxg4LE4Hupa5HjleTvU1Ir6jp5SburLE=",
        "owner": "kleisli-io",
        "repo": "nix-effects",
        "rev": "c3c68a45deb892d028711eeff8b80937e30a90dd",
        "type": "github"
      },
      "original": {
        "owner": "kleisli-io",
        "repo": "nix-effects",
        "type": "github"
      }
    },
    "root": {
      "inputs": {
        "bend": "bend",
        "ned": "ned",
        "nix-effects": "nix-effects"
      }
    }
  },
  "root": "root",
  "version": 7
}
