{
  "nodes": {
    "dnzl": {
      "flake": false,
      "locked": {
        "lastModified": 1782000000,
        "narHash": "sha256-3eZtHGYOoROqre0WuTRHALw9lLjwIiOHfUYCX7p+C18=",
        "owner": "denful",
        "repo": "dnzl",
        "rev": "3e0a3720f0453b36dc6e536181c16851e23bf82d",
        "type": "github"
      },
      "original": {
        "owner": "denful",
        "repo": "dnzl",
        "type": "github"
      }
    },
    "root": {
      "inputs": {
        "dnzl": "dnzl"
      }
    }
  },
  "root": "root",
  "version": 7
}
