{
  "nodes": {
    "bend": {
      "flake": false,
      "locked": {
        "lastModified": 1778912746,
        "narHash": "sha256-hITGk9iEkMw4dDMEooTICCgHiZC1riLGtrGK2r/duzE=",
        "owner": "denful",
        "repo": "bend",
        "rev": "af1b3f16594d89b797615483dccc5f98605e2d12",
        "type": "github"
      },
      "original": {
        "owner": "denful",
        "repo": "bend",
        "type": "github"
      }
    },
    "dnzl": {
      "flake": false,
      "locked": {
        "lastModified": 1782000000,
        "narHash": "sha256-3eZtHGYOoROqre0WuTRHALw9lLjwIiOHfUYCX7p+C18=",
        "owner": "denful",
        "repo": "dnzl",
        "rev": "3e0a3720f0453b36dc6e536181c16851e23bf82d",
        "type": "github"
      },
      "original": {
        "owner": "denful",
        "repo": "dnzl",
        "type": "github"
      }
    },
    "ned": {
      "locked": {
        "lastModified": 1782244699,
        "narHash": "sha256-J/JUlKHNBfZPiB71drgUCiVH9TA6V1al/R5qaOXjdJ8=",
        "owner": "denful",
        "repo": "ned",
        "rev": "2f6204a1f54257fdfc1cfb85a3a84b51ceae8611",
        "type": "github"
      },
      "original": {
        "owner": "denful",
        "repo": "ned",
        "type": "github"
      }
    },
    "nix-effects": {
      "flake": false,
      "locked": {
        "lastModified": 1782236537,
        "narHash": "sha256-GqDnTYvYFi0RkWhMx5Drjg+9uKccKooIBzMotXbVaDo=",
        "owner": "denful",
        "repo": "nix-effects",
        "rev": "e8a162d72eb2e21ffaa0d307e651cdbed551c450",
        "type": "github"
      },
      "original": {
        "owner": "denful",
        "ref": "stream-stack-safe",
        "repo": "nix-effects",
        "type": "github"
      }
    },
    "root": {
      "inputs": {
        "bend": "bend",
        "dnzl": "dnzl",
        "ned": "ned",
        "nix-effects": "nix-effects",
        "with-inputs": "with-inputs"
      }
    },
    "with-inputs": {
      "flake": false,
      "locked": {
        "lastModified": 1777938927,
        "narHash": "sha256-efneEYyUSQ7HOg/peGvfotb/P1N1+WWp10P1kMQSpe8=",
        "owner": "denful",
        "repo": "with-inputs",
        "rev": "e8729bdb4afb57fc72c2a7084a77a7ee09c7e38f",
        "type": "github"
      },
      "original": {
        "owner": "denful",
        "repo": "with-inputs",
        "type": "github"
      }
    }
  },
  "root": "root",
  "version": 7
}
